
Microsoft Visual Studio Solution File, Format Version 12.00
# Visual Studio 2013
VisualStudioVersion = 12.0.40629.0
MinimumVisualStudioVersion = 10.0.40219.1
Project("{FAE04EC0-301F-11D3-BF4B-00C04F79EFBC}") = "AssetManagementUI", "AssetManagementUI\AssetManagementUI.csproj", "{D730828D-5372-4DB3-B9AC-2455B793A25A}"
EndProject
Project("{FAE04EC0-301F-11D3-BF4B-00C04F79EFBC}") = "AssetManagementLibrary", "AssetManagementLibrary\AssetManagementLibrary.csproj", "{10654974-AAF3-48DB-9640-5255A2F0EB56}"
EndProject
Global
	GlobalSection(SolutionConfigurationPlatforms) = preSolution
		Debug|Any CPU = Debug|Any CPU
		Release|Any CPU = Release|Any CPU
	EndGlobalSection
	GlobalSection(ProjectConfigurationPlatforms) = postSolution
		{D730828D-5372-4DB3-B9AC-2455B793A25A}.Debug|Any CPU.ActiveCfg = Debug|Any CPU
		{D730828D-5372-4DB3-B9AC-2455B793A25A}.Debug|Any CPU.Build.0 = Debug|Any CPU
		{D730828D-5372-4DB3-B9AC-2455B793A25A}.Release|Any CPU.ActiveCfg = Release|Any CPU
		{D730828D-5372-4DB3-B9AC-2455B793A25A}.Release|Any CPU.Build.0 = Release|Any CPU
		{10654974-AAF3-48DB-9640-5255A2F0EB56}.Debug|Any CPU.ActiveCfg = Debug|Any CPU
		{10654974-AAF3-48DB-9640-5255A2F0EB56}.Debug|Any CPU.Build.0 = Debug|Any CPU
		{10654974-AAF3-48DB-9640-5255A2F0EB56}.Release|Any CPU.ActiveCfg = Release|Any CPU
		{10654974-AAF3-48DB-9640-5255A2F0EB56}.Release|Any CPU.Build.0 = Release|Any CPU
	EndGlobalSection
	GlobalSection(SolutionProperties) = preSolution
		HideSolutionNode = FALSE
	EndGlobalSection
EndGlobal
